Microsoft Visual Studio Solution File, Format Version 11.00
# Visual Studio 2010
Project("{8BC9CEB8-8B4A-11D0-8D11-00A0C91BC942}") = "GsTLAppli_actions", "..\GsTLAppli\actions\actions.vcxproj", "{E233AC09-9720-4890-9327-C731778C1360}"
EndProject
Project("{8BC9CEB8-8B4A-11D0-8D11-00A0C91BC942}") = "GsTLAppli_appli", "..\GsTLAppli\appli\appli.vcxproj", "{63CA8D00-3AF4-4755-85CB-DEEA94742DE1}"
EndProject
Project("{8BC9CEB8-8B4A-11D0-8D11-00A0C91BC942}") = "GsTLAppli_extragui", "..\GsTLAppli\extra\gui\extragui.vcxproj", "{754D97C4-E031-46F1-93EE-BABF60934D8F}"
EndProject
Project("{8BC9CEB8-8B4A-11D0-8D11-00A0C91BC942}") = "GsTLAppli_geostat", "..\GsTLAppli\geostat\geostat.vcxproj", "{5DB0851B-7598-4E3D-BB9F-A72EC154129D}"
EndProject
Project("{8BC9CEB8-8B4A-11D0-8D11-00A0C91BC942}") = "GsTLAppli_grid", "..\GsTLAppli\grid\grid.vcxproj", "{88A6E076-083B-4E1A-B46B-6FCD8A6D5D34}"
EndProject
Project("{8BC9CEB8-8B4A-11D0-8D11-00A0C91BC942}") = "GsTLAppli_math", "..\GsTLAppli\math\math.vcxproj", "{5E5C4004-873F-465B-A28B-648B603FA3D1}"
EndProject
Project("{8BC9CEB8-8B4A-11D0-8D11-00A0C91BC942}") = "GsTLAppli_utils", "..\GsTLAppli\utils\utils.vcxproj", "{C52740F0-2A21-4416-997A-AC11D019B75F}"
EndProject
Project("{8BC9CEB8-8B4A-11D0-8D11-00A0C91BC942}") = "main", "..\GsTLAppli\main\main.vcxproj", "{37999513-4C37-4B60-9F03-CDC34330B022}"
EndProject
Project("{8BC9CEB8-8B4A-11D0-8D11-00A0C91BC942}") = "GsTLAppli_gui", "..\GsTLAppli\gui\gui.vcxproj", "{98F59836-D492-382C-B1D0-0FF773FCE074}"
EndProject
Project("{8BC9CEB8-8B4A-11D0-8D11-00A0C91BC942}") = "qwt", "..\GsTLAppli\extra\qwt\qwt.vcxproj", "{83E1D314-C34C-3BB7-8225-20646D87A194}"
EndProject
Project("{8BC9CEB8-8B4A-11D0-8D11-00A0C91BC942}") = "GsTLAppli_filters", "..\GsTLAppli\filters\filters.vcxproj", "{80E6520A-D5AD-3D5E-97B8-BB6C6002F178}"
EndProject
Project("{8BC9CEB8-8B4A-11D0-8D11-00A0C91BC942}") = "GsTLwidgets", "..\GsTLAppli\extra\qtplugins\qtplugins.vcxproj", "{227552D8-AD8A-32F7-968B-91C0ADE1FA31}"
EndProject
Global
	GlobalSection(SolutionConfigurationPlatforms) = preSolution
		Debug|Win32 = Debug|Win32
		Debug|x64 = Debug|x64
		Release|Win32 = Release|Win32
		Release|x64 = Release|x64
	EndGlobalSection
	GlobalSection(ProjectConfigurationPlatforms) = postSolution
		{E233AC09-9720-4890-9327-C731778C1360}.Debug|Win32.ActiveCfg = Debug|Win32
		{E233AC09-9720-4890-9327-C731778C1360}.Debug|Win32.Build.0 = Debug|Win32
		{E233AC09-9720-4890-9327-C731778C1360}.Debug|x64.ActiveCfg = Debug|x64
		{E233AC09-9720-4890-9327-C731778C1360}.Debug|x64.Build.0 = Debug|x64
		{E233AC09-9720-4890-9327-C731778C1360}.Release|Win32.ActiveCfg = Release|Win32
		{E233AC09-9720-4890-9327-C731778C1360}.Release|Win32.Build.0 = Release|Win32
		{E233AC09-9720-4890-9327-C731778C1360}.Release|x64.ActiveCfg = Release|x64
		{E233AC09-9720-4890-9327-C731778C1360}.Release|x64.Build.0 = Release|x64
		{63CA8D00-3AF4-4755-85CB-DEEA94742DE1}.Debug|Win32.ActiveCfg = Debug|Win32
		{63CA8D00-3AF4-4755-85CB-DEEA94742DE1}.Debug|Win32.Build.0 = Debug|Win32
		{63CA8D00-3AF4-4755-85CB-DEEA94742DE1}.Debug|x64.ActiveCfg = Debug|x64
		{63CA8D00-3AF4-4755-85CB-DEEA94742DE1}.Debug|x64.Build.0 = Debug|x64
		{63CA8D00-3AF4-4755-85CB-DEEA94742DE1}.Release|Win32.ActiveCfg = Release|Win32
		{63CA8D00-3AF4-4755-85CB-DEEA94742DE1}.Release|Win32.Build.0 = Release|Win32
		{63CA8D00-3AF4-4755-85CB-DEEA94742DE1}.Release|x64.ActiveCfg = Release|x64
		{63CA8D00-3AF4-4755-85CB-DEEA94742DE1}.Release|x64.Build.0 = Release|x64
		{754D97C4-E031-46F1-93EE-BABF60934D8F}.Debug|Win32.ActiveCfg = Debug|Win32
		{754D97C4-E031-46F1-93EE-BABF60934D8F}.Debug|Win32.Build.0 = Debug|Win32
		{754D97C4-E031-46F1-93EE-BABF60934D8F}.Debug|x64.ActiveCfg = Debug|x64
		{754D97C4-E031-46F1-93EE-BABF60934D8F}.Debug|x64.Build.0 = Debug|x64
		{754D97C4-E031-46F1-93EE-BABF60934D8F}.Release|Win32.ActiveCfg = Release|Win32
		{754D97C4-E031-46F1-93EE-BABF60934D8F}.Release|Win32.Build.0 = Release|Win32
		{754D97C4-E031-46F1-93EE-BABF60934D8F}.Release|x64.ActiveCfg = Release|x64
		{754D97C4-E031-46F1-93EE-BABF60934D8F}.Release|x64.Build.0 = Release|x64
		{5DB0851B-7598-4E3D-BB9F-A72EC154129D}.Debug|Win32.ActiveCfg = Debug|Win32
		{5DB0851B-7598-4E3D-BB9F-A72EC154129D}.Debug|Win32.Build.0 = Debug|Win32
		{5DB0851B-7598-4E3D-BB9F-A72EC154129D}.Debug|x64.ActiveCfg = Debug|x64
		{5DB0851B-7598-4E3D-BB9F-A72EC154129D}.Debug|x64.Build.0 = Debug|x64
		{5DB0851B-7598-4E3D-BB9F-A72EC154129D}.Release|Win32.ActiveCfg = Release|Win32
		{5DB0851B-7598-4E3D-BB9F-A72EC154129D}.Release|Win32.Build.0 = Release|Win32
		{5DB0851B-7598-4E3D-BB9F-A72EC154129D}.Release|x64.ActiveCfg = Release|x64
		{5DB0851B-7598-4E3D-BB9F-A72EC154129D}.Release|x64.Build.0 = Release|x64
		{88A6E076-083B-4E1A-B46B-6FCD8A6D5D34}.Debug|Win32.ActiveCfg = Debug|Win32
		{88A6E076-083B-4E1A-B46B-6FCD8A6D5D34}.Debug|Win32.Build.0 = Debug|Win32
		{88A6E076-083B-4E1A-B46B-6FCD8A6D5D34}.Debug|x64.ActiveCfg = Debug|x64
		{88A6E076-083B-4E1A-B46B-6FCD8A6D5D34}.Debug|x64.Build.0 = Debug|x64
		{88A6E076-083B-4E1A-B46B-6FCD8A6D5D34}.Release|Win32.ActiveCfg = Release|Win32
		{88A6E076-083B-4E1A-B46B-6FCD8A6D5D34}.Release|Win32.Build.0 = Release|Win32
		{88A6E076-083B-4E1A-B46B-6FCD8A6D5D34}.Release|x64.ActiveCfg = Release|x64
		{88A6E076-083B-4E1A-B46B-6FCD8A6D5D34}.Release|x64.Build.0 = Release|x64
		{5E5C4004-873F-465B-A28B-648B603FA3D1}.Debug|Win32.ActiveCfg = Debug|Win32
		{5E5C4004-873F-465B-A28B-648B603FA3D1}.Debug|Win32.Build.0 = Debug|Win32
		{5E5C4004-873F-465B-A28B-648B603FA3D1}.Debug|x64.ActiveCfg = Debug|x64
		{5E5C4004-873F-465B-A28B-648B603FA3D1}.Debug|x64.Build.0 = Debug|x64
		{5E5C4004-873F-465B-A28B-648B603FA3D1}.Release|Win32.ActiveCfg = Release|Win32
		{5E5C4004-873F-465B-A28B-648B603FA3D1}.Release|Win32.Build.0 = Release|Win32
		{5E5C4004-873F-465B-A28B-648B603FA3D1}.Release|x64.ActiveCfg = Release|x64
		{5E5C4004-873F-465B-A28B-648B603FA3D1}.Release|x64.Build.0 = Release|x64
		{C52740F0-2A21-4416-997A-AC11D019B75F}.Debug|Win32.ActiveCfg = Debug|Win32
		{C52740F0-2A21-4416-997A-AC11D019B75F}.Debug|Win32.Build.0 = Debug|Win32
		{C52740F0-2A21-4416-997A-AC11D019B75F}.Debug|x64.ActiveCfg = Debug|x64
		{C52740F0-2A21-4416-997A-AC11D019B75F}.Debug|x64.Build.0 = Debug|x64
		{C52740F0-2A21-4416-997A-AC11D019B75F}.Release|Win32.ActiveCfg = Release|Win32
		{C52740F0-2A21-4416-997A-AC11D019B75F}.Release|Win32.Build.0 = Release|Win32
		{C52740F0-2A21-4416-997A-AC11D019B75F}.Release|x64.ActiveCfg = Release|x64
		{C52740F0-2A21-4416-997A-AC11D019B75F}.Release|x64.Build.0 = Release|x64
		{37999513-4C37-4B60-9F03-CDC34330B022}.Debug|Win32.ActiveCfg = Debug|Win32
		{37999513-4C37-4B60-9F03-CDC34330B022}.Debug|Win32.Build.0 = Debug|Win32
		{37999513-4C37-4B60-9F03-CDC34330B022}.Debug|x64.ActiveCfg = Debug|x64
		{37999513-4C37-4B60-9F03-CDC34330B022}.Debug|x64.Build.0 = Debug|x64
		{37999513-4C37-4B60-9F03-CDC34330B022}.Release|Win32.ActiveCfg = Release|Win32
		{37999513-4C37-4B60-9F03-CDC34330B022}.Release|Win32.Build.0 = Release|Win32
		{37999513-4C37-4B60-9F03-CDC34330B022}.Release|x64.ActiveCfg = Release|x64
		{37999513-4C37-4B60-9F03-CDC34330B022}.Release|x64.Build.0 = Release|x64
		{98F59836-D492-382C-B1D0-0FF773FCE074}.Debug|Win32.ActiveCfg = Debug|Win32
		{98F59836-D492-382C-B1D0-0FF773FCE074}.Debug|Win32.Build.0 = Debug|Win32
		{98F59836-D492-382C-B1D0-0FF773FCE074}.Debug|x64.ActiveCfg = Debug|x64
		{98F59836-D492-382C-B1D0-0FF773FCE074}.Debug|x64.Build.0 = Debug|x64
		{98F59836-D492-382C-B1D0-0FF773FCE074}.Release|Win32.ActiveCfg = Release|Win32
		{98F59836-D492-382C-B1D0-0FF773FCE074}.Release|Win32.Build.0 = Release|Win32
		{98F59836-D492-382C-B1D0-0FF773FCE074}.Release|x64.ActiveCfg = Release|x64
		{98F59836-D492-382C-B1D0-0FF773FCE074}.Release|x64.Build.0 = Release|x64
		{83E1D314-C34C-3BB7-8225-20646D87A194}.Debug|Win32.ActiveCfg = Debug|Win32
		{83E1D314-C34C-3BB7-8225-20646D87A194}.Debug|Win32.Build.0 = Debug|Win32
		{83E1D314-C34C-3BB7-8225-20646D87A194}.Debug|x64.ActiveCfg = Debug|x64
		{83E1D314-C34C-3BB7-8225-20646D87A194}.Debug|x64.Build.0 = Debug|x64
		{83E1D314-C34C-3BB7-8225-20646D87A194}.Release|Win32.ActiveCfg = Release|Win32
		{83E1D314-C34C-3BB7-8225-20646D87A194}.Release|Win32.Build.0 = Release|Win32
		{83E1D314-C34C-3BB7-8225-20646D87A194}.Release|x64.ActiveCfg = Release|x64
		{83E1D314-C34C-3BB7-8225-20646D87A194}.Release|x64.Build.0 = Release|x64
		{80E6520A-D5AD-3D5E-97B8-BB6C6002F178}.Debug|Win32.ActiveCfg = Debug|Win32
		{80E6520A-D5AD-3D5E-97B8-BB6C6002F178}.Debug|Win32.Build.0 = Debug|Win32
		{80E6520A-D5AD-3D5E-97B8-BB6C6002F178}.Debug|x64.ActiveCfg = Debug|x64
		{80E6520A-D5AD-3D5E-97B8-BB6C6002F178}.Debug|x64.Build.0 = Debug|x64
		{80E6520A-D5AD-3D5E-97B8-BB6C6002F178}.Release|Win32.ActiveCfg = Release|Win32
		{80E6520A-D5AD-3D5E-97B8-BB6C6002F178}.Release|Win32.Build.0 = Release|Win32
		{80E6520A-D5AD-3D5E-97B8-BB6C6002F178}.Release|x64.ActiveCfg = Release|x64
		{80E6520A-D5AD-3D5E-97B8-BB6C6002F178}.Release|x64.Build.0 = Release|x64
		{227552D8-AD8A-32F7-968B-91C0ADE1FA31}.Debug|Win32.ActiveCfg = Debug|Win32
		{227552D8-AD8A-32F7-968B-91C0ADE1FA31}.Debug|Win32.Build.0 = Debug|Win32
		{227552D8-AD8A-32F7-968B-91C0ADE1FA31}.Debug|x64.ActiveCfg = Debug|x64
		{227552D8-AD8A-32F7-968B-91C0ADE1FA31}.Debug|x64.Build.0 = Debug|x64
		{227552D8-AD8A-32F7-968B-91C0ADE1FA31}.Release|Win32.ActiveCfg = Release|Win32
		{227552D8-AD8A-32F7-968B-91C0ADE1FA31}.Release|Win32.Build.0 = Release|Win32
		{227552D8-AD8A-32F7-968B-91C0ADE1FA31}.Release|x64.ActiveCfg = Release|x64
		{227552D8-AD8A-32F7-968B-91C0ADE1FA31}.Release|x64.Build.0 = Release|x64
	EndGlobalSection
	GlobalSection(SolutionProperties) = preSolution
		HideSolutionNode = FALSE
	EndGlobalSection
EndGlobal
